// !$*UTF8*$!
{
	archiveVersion = 1;
	classes = {
	};
	objectVersion = 46;
	objects = {

/* Begin PBXBuildFile section */
		3915909E1C45B7B500CEAFB5 /* GOGalileoController.swift in Sources */ = {isa = PBXBuildFile; fileRef = 3915909D1C45B7B500CEAFB5 /* GOGalileoController.swift */; };
		391590A01C45B7E800CEAFB5 /* GalileoControl.framework in Frameworks */ = {isa = PBXBuildFile; fileRef = 3915909F1C45B7E800CEAFB5 /* GalileoControl.framework */; };
		391590A11C45B7E800CEAFB5 /* GalileoControl.framework in Embed Frameworks */ = {isa = PBXBuildFile; fileRef = 3915909F1C45B7E800CEAFB5 /* GalileoControl.framework */; settings = {ATTRIBUTES = (CodeSignOnCopy, RemoveHeadersOnCopy, ); }; };
		391590A71C46582400CEAFB5 /* RACSignal+SignalProducer.swift in Sources */ = {isa = PBXBuildFile; fileRef = 391590A61C46582400CEAFB5 /* RACSignal+SignalProducer.swift */; };
		391590A91C4659EC00CEAFB5 /* GODeviceMotionController.swift in Sources */ = {isa = PBXBuildFile; fileRef = 391590A81C4659EC00CEAFB5 /* GODeviceMotionController.swift */; };
		391590AB1C466C2B00CEAFB5 /* Degrees+Radians.swift in Sources */ = {isa = PBXBuildFile; fileRef = 391590AA1C466C2B00CEAFB5 /* Degrees+Radians.swift */; };
		391590AD1C4688E400CEAFB5 /* GOAirGestureController.swift in Sources */ = {isa = PBXBuildFile; fileRef = 391590AC1C4688E400CEAFB5 /* GOAirGestureController.swift */; };
		39B0A1E71C45549D0001E990 /* Launch.storyboard in Resources */ = {isa = PBXBuildFile; fileRef = 39B0A1E61C45549D0001E990 /* Launch.storyboard */; };
		39B0A1EC1C455A0C0001E990 /* GOOpenTokController.swift in Sources */ = {isa = PBXBuildFile; fileRef = 39B0A1EB1C455A0C0001E990 /* GOOpenTokController.swift */; };
		39B0A1EF1C455B540001E990 /* GOCallViewController.swift in Sources */ = {isa = PBXBuildFile; fileRef = 39B0A1EE1C455B540001E990 /* GOCallViewController.swift */; };
		39B0A1F11C4564AF0001E990 /* GOMainController.swift in Sources */ = {isa = PBXBuildFile; fileRef = 39B0A1F01C4564AF0001E990 /* GOMainController.swift */; };
		39B0A1F31C4567B70001E990 /* GOUIProtocols.swift in Sources */ = {isa = PBXBuildFile; fileRef = 39B0A1F21C4567B70001E990 /* GOUIProtocols.swift */; };
		39B0A1F71C456B9A0001E990 /* Result.framework in Frameworks */ = {isa = PBXBuildFile; fileRef = 39B0A1F61C456B9A0001E990 /* Result.framework */; };
		39B0A1F81C456BD70001E990 /* ReactiveCocoa.framework in Frameworks */ = {isa = PBXBuildFile; fileRef = 39B0A1F41C456B950001E990 /* ReactiveCocoa.framework */; };
		39B0A1F91C456BD70001E990 /* ReactiveCocoa.framework in Embed Frameworks */ = {isa = PBXBuildFile; fileRef = 39B0A1F41C456B950001E990 /* ReactiveCocoa.framework */; settings = {ATTRIBUTES = (CodeSignOnCopy, RemoveHeadersOnCopy, ); }; };
		39B0A1FC1C456BD90001E990 /* Result.framework in Embed Frameworks */ = {isa = PBXBuildFile; fileRef = 39B0A1F61C456B9A0001E990 /* Result.framework */; settings = {ATTRIBUTES = (CodeSignOnCopy, RemoveHeadersOnCopy, ); }; };
		39B0A1FE1C4575470001E990 /* GOMoveRecogniser.swift in Sources */ = {isa = PBXBuildFile; fileRef = 39B0A1FD1C4575470001E990 /* GOMoveRecogniser.swift */; };
		39B0A2001C4582200001E990 /* GOModel.swift in Sources */ = {isa = PBXBuildFile; fileRef = 39B0A1FF1C4582200001E990 /* GOModel.swift */; };
		39B0A2021C458BED0001E990 /* GOTouchGestureController.swift in Sources */ = {isa = PBXBuildFile; fileRef = 39B0A2011C458BED0001E990 /* GOTouchGestureController.swift */; };
		39B0A2041C458E070001E990 /* GOMessagingController.swift in Sources */ = {isa = PBXBuildFile; fileRef = 39B0A2031C458E070001E990 /* GOMessagingController.swift */; };
		39E0DBC01C46BCB4008711F1 /* NumberFormatting.swift in Sources */ = {isa = PBXBuildFile; fileRef = 39E0DBBF1C46BCB4008711F1 /* NumberFormatting.swift */; };
		CD99C5E51B0C3A3F003D4FED /* GLKit.framework in Frameworks */ = {isa = PBXBuildFile; fileRef = CD99C5E41B0C3A3F003D4FED /* GLKit.framework */; };
		CD99C5E71B0C3A46003D4FED /* VideoToolbox.framework in Frameworks */ = {isa = PBXBuildFile; fileRef = CD99C5E61B0C3A46003D4FED /* VideoToolbox.framework */; };
		CDC39155193E9E790006FFCB /* libsqlite3.dylib in Frameworks */ = {isa = PBXBuildFile; fileRef = CDC39154193E9E790006FFCB /* libsqlite3.dylib */; };
		CDC39157193E9E970006FFCB /* CoreTelephony.framework in Frameworks */ = {isa = PBXBuildFile; fileRef = CDC39156193E9E970006FFCB /* CoreTelephony.framework */; };
		CDC39159193E9EA20006FFCB /* SystemConfiguration.framework in Frameworks */ = {isa = PBXBuildFile; fileRef = CDC39158193E9EA20006FFCB /* SystemConfiguration.framework */; };
		CDC3915B193E9EA90006FFCB /* OpenGLES.framework in Frameworks */ = {isa = PBXBuildFile; fileRef = CDC3915A193E9EA90006FFCB /* OpenGLES.framework */; };
		CDC3915D193E9EB00006FFCB /* CoreVideo.framework in Frameworks */ = {isa = PBXBuildFile; fileRef = CDC3915C193E9EB00006FFCB /* CoreVideo.framework */; };
		CDC3915F193E9EEC0006FFCB /* CoreMedia.framework in Frameworks */ = {isa = PBXBuildFile; fileRef = CDC3915E193E9EEC0006FFCB /* CoreMedia.framework */; };
		CDC39161193E9EF20006FFCB /* CoreGraphics.framework in Frameworks */ = {isa = PBXBuildFile; fileRef = CDC39160193E9EF20006FFCB /* CoreGraphics.framework */; };
		CDC39163193E9EF70006FFCB /* AudioToolbox.framework in Frameworks */ = {isa = PBXBuildFile; fileRef = CDC39162193E9EF70006FFCB /* AudioToolbox.framework */; };
		CDC39165193E9EFB0006FFCB /* AVFoundation.framework in Frameworks */ = {isa = PBXBuildFile; fileRef = CDC39164193E9EFB0006FFCB /* AVFoundation.framework */; };
		CDC39167193E9F010006FFCB /* QuartzCore.framework in Frameworks */ = {isa = PBXBuildFile; fileRef = CDC39166193E9F010006FFCB /* QuartzCore.framework */; };
		CDC39169193E9F070006FFCB /* UIKit.framework in Frameworks */ = {isa = PBXBuildFile; fileRef = CDC39168193E9F070006FFCB /* UIKit.framework */; };
		CDC3916B193E9F0B0006FFCB /* Foundation.framework in Frameworks */ = {isa = PBXBuildFile; fileRef = CDC3916A193E9F0B0006FFCB /* Foundation.framework */; };
		CDC3916F193E9F260006FFCB /* libpthread.dylib in Frameworks */ = {isa = PBXBuildFile; fileRef = CDC3916E193E9F260006FFCB /* libpthread.dylib */; };
		CDC39171193E9F2B0006FFCB /* libxml2.dylib in Frameworks */ = {isa = PBXBuildFile; fileRef = CDC39170193E9F2B0006FFCB /* libxml2.dylib */; };
		CDC904D0193E3BAF00E878A8 /* AppDelegate.swift in Sources */ = {isa = PBXBuildFile; fileRef = CDC904CF193E3BAF00E878A8 /* AppDelegate.swift */; };
		CDC904D2193E3BAF00E878A8 /* ViewController.swift in Sources */ = {isa = PBXBuildFile; fileRef = CDC904D1193E3BAF00E878A8 /* ViewController.swift */; };
		CDC904D5193E3BAF00E878A8 /* Main.storyboard in Resources */ = {isa = PBXBuildFile; fileRef = CDC904D3193E3BAF00E878A8 /* Main.storyboard */; };
		CDC904D7193E3BAF00E878A8 /* Images.xcassets in Resources */ = {isa = PBXBuildFile; fileRef = CDC904D6193E3BAF00E878A8 /* Images.xcassets */; };
		CDC904E3193E3BAF00E878A8 /* GalileoOpenTokTests.swift in Sources */ = {isa = PBXBuildFile; fileRef = CDC904E2193E3BAF00E878A8 /* GalileoOpenTokTests.swift */; };
		CDC904ED193E3BD300E878A8 /* OpenTok.framework in Frameworks */ = {isa = PBXBuildFile; fileRef = CDC904EC193E3BD300E878A8 /* OpenTok.framework */; };
		CDF416561A89A85D002B5CEF /* libc++.dylib in Frameworks */ = {isa = PBXBuildFile; fileRef = CDF416551A89A85D002B5CEF /* libc++.dylib */; };
		FB8345A49A2BBE549E378746 /* Pods_GalileoOpenTok.framework in Frameworks */ = {isa = PBXBuildFile; fileRef = 1B0585F25B616222416DABDC /* Pods_GalileoOpenTok.framework */; };
/* End PBXBuildFile section */

/* Begin PBXContainerItemProxy section */
		CDC904DD193E3BAF00E878A8 /* PBXContainerItemProxy */ = {
			isa = PBXContainerItemProxy;
			containerPortal = CDC904C2193E3BAF00E878A8 /* Project object */;
			proxyType = 1;
			remoteGlobalIDString = CDC904C9193E3BAF00E878A8;
			remoteInfo = GalileoOpenTok;
		};
/* End PBXContainerItemProxy section */

/* Begin PBXCopyFilesBuildPhase section */
		39B0A1FA1C456BD80001E990 /* Embed Frameworks */ = {
			isa = PBXCopyFilesBuildPhase;
			buildActionMask = 2147483647;
			dstPath = "";
			dstSubfolderSpec = 10;
			files = (
				39B0A1F91C456BD70001E990 /* ReactiveCocoa.framework in Embed Frameworks */,
				391590A11C45B7E800CEAFB5 /* GalileoControl.framework in Embed Frameworks */,
				39B0A1FC1C456BD90001E990 /* Result.framework in Embed Frameworks */,
			);
			name = "Embed Frameworks";
			runOnlyForDeploymentPostprocessing = 0;
		};
/* End PBXCopyFilesBuildPhase section */

/* Begin PBXFileReference section */
		1B0585F25B616222416DABDC /* Pods_GalileoOpenTok.framework */ = {isa = PBXFileReference; explicitFileType = wrapper.framework; includeInIndex = 0; path = Pods_GalileoOpenTok.framework; sourceTree = BUILT_PRODUCTS_DIR; };
		1C79593A8377560D907374C8 /* Pods-GalileoOpenTok.release.xcconfig */ = {isa = PBXFileReference; includeInIndex = 1; lastKnownFileType = text.xcconfig; name = "Pods-GalileoOpenTok.release.xcconfig"; path = "Pods/Target Support Files/Pods-GalileoOpenTok/Pods-GalileoOpenTok.release.xcconfig"; sourceTree = "<group>"; };
		2207FCF67FFBA5751C2CE546 /* Pods-GalileoOpenTok.debug.xcconfig */ = {isa = PBXFileReference; includeInIndex = 1; lastKnownFileType = text.xcconfig; name = "Pods-GalileoOpenTok.debug.xcconfig"; path = "Pods/Target Support Files/Pods-GalileoOpenTok/Pods-GalileoOpenTok.debug.xcconfig"; sourceTree = "<group>"; };
		3915909D1C45B7B500CEAFB5 /* GOGalileoController.swift */ = {isa = PBXFileReference; fileEncoding = 4; lastKnownFileType = sourcecode.swift; path = GOGalileoController.swift; sourceTree = "<group>"; };
		3915909F1C45B7E800CEAFB5 /* GalileoControl.framework */ = {isa = PBXFileReference; lastKnownFileType = wrapper.framework; name = GalileoControl.framework; path = Frameworks/GalileoControl.framework; sourceTree = "<group>"; };
		391590A61C46582400CEAFB5 /* RACSignal+SignalProducer.swift */ = {isa = PBXFileReference; fileEncoding = 4; lastKnownFileType = sourcecode.swift; path = "RACSignal+SignalProducer.swift"; sourceTree = "<group>"; };
		391590A81C4659EC00CEAFB5 /* GODeviceMotionController.swift */ = {isa = PBXFileReference; fileEncoding = 4; lastKnownFileType = sourcecode.swift; path = GODeviceMotionController.swift; sourceTree = "<group>"; };
		391590AA1C466C2B00CEAFB5 /* Degrees+Radians.swift */ = {isa = PBXFileReference; fileEncoding = 4; lastKnownFileType = sourcecode.swift; path = "Degrees+Radians.swift"; sourceTree = "<group>"; };
		391590AC1C4688E400CEAFB5 /* GOAirGestureController.swift */ = {isa = PBXFileReference; fileEncoding = 4; lastKnownFileType = sourcecode.swift; path = GOAirGestureController.swift; sourceTree = "<group>"; };
		39B0A1E61C45549D0001E990 /* Launch.storyboard */ = {isa = PBXFileReference; fileEncoding = 4; lastKnownFileType = file.storyboard; path = Launch.storyboard; sourceTree = "<group>"; };
		39B0A1EB1C455A0C0001E990 /* GOOpenTokController.swift */ = {isa = PBXFileReference; fileEncoding = 4; lastKnownFileType = sourcecode.swift; path = GOOpenTokController.swift; sourceTree = "<group>"; };
		39B0A1EE1C455B540001E990 /* GOCallViewController.swift */ = {isa = PBXFileReference; fileEncoding = 4; lastKnownFileType = sourcecode.swift; path = GOCallViewController.swift; sourceTree = "<group>"; };
		39B0A1F01C4564AF0001E990 /* GOMainController.swift */ = {isa = PBXFileReference; fileEncoding = 4; lastKnownFileType = sourcecode.swift; path = GOMainController.swift; sourceTree = "<group>"; };
		39B0A1F21C4567B70001E990 /* GOUIProtocols.swift */ = {isa = PBXFileReference; fileEncoding = 4; lastKnownFileType = sourcecode.swift; path = GOUIProtocols.swift; sourceTree = "<group>"; };
		39B0A1F41C456B950001E990 /* ReactiveCocoa.framework */ = {isa = PBXFileReference; lastKnownFileType = wrapper.framework; name = ReactiveCocoa.framework; path = Carthage/Build/iOS/ReactiveCocoa.framework; sourceTree = "<group>"; };
		39B0A1F61C456B9A0001E990 /* Result.framework */ = {isa = PBXFileReference; lastKnownFileType = wrapper.framework; name = Result.framework; path = Carthage/Build/iOS/Result.framework; sourceTree = "<group>"; };
		39B0A1FD1C4575470001E990 /* GOMoveRecogniser.swift */ = {isa = PBXFileReference; fileEncoding = 4; lastKnownFileType = sourcecode.swift; path = GOMoveRecogniser.swift; sourceTree = "<group>"; };
		39B0A1FF1C4582200001E990 /* GOModel.swift */ = {isa = PBXFileReference; fileEncoding = 4; lastKnownFileType = sourcecode.swift; path = GOModel.swift; sourceTree = "<group>"; };
		39B0A2011C458BED0001E990 /* GOTouchGestureController.swift */ = {isa = PBXFileReference; fileEncoding = 4; lastKnownFileType = sourcecode.swift; path = GOTouchGestureController.swift; sourceTree = "<group>"; };
		39B0A2031C458E070001E990 /* GOMessagingController.swift */ = {isa = PBXFileReference; fileEncoding = 4; lastKnownFileType = sourcecode.swift; path = GOMessagingController.swift; sourceTree = "<group>"; };
		39E0DBBF1C46BCB4008711F1 /* NumberFormatting.swift */ = {isa = PBXFileReference; fileEncoding = 4; lastKnownFileType = sourcecode.swift; path = NumberFormatting.swift; sourceTree = "<group>"; };
		CD99C5E41B0C3A3F003D4FED /* GLKit.framework */ = {isa = PBXFileReference; lastKnownFileType = wrapper.framework; name = GLKit.framework; path = System/Library/Frameworks/GLKit.framework; sourceTree = SDKROOT; };
		CD99C5E61B0C3A46003D4FED /* VideoToolbox.framework */ = {isa = PBXFileReference; lastKnownFileType = wrapper.framework; name = VideoToolbox.framework; path = System/Library/Frameworks/VideoToolbox.framework; sourceTree = SDKROOT; };
		CDC39154193E9E790006FFCB /* libsqlite3.dylib */ = {isa = PBXFileReference; lastKnownFileType = "compiled.mach-o.dylib"; name = libsqlite3.dylib; path = usr/lib/libsqlite3.dylib; sourceTree = SDKROOT; };
		CDC39156193E9E970006FFCB /* CoreTelephony.framework */ = {isa = PBXFileReference; lastKnownFileType = wrapper.framework; name = CoreTelephony.framework; path = System/Library/Frameworks/CoreTelephony.framework; sourceTree = SDKROOT; };
		CDC39158193E9EA20006FFCB /* SystemConfiguration.framework */ = {isa = PBXFileReference; lastKnownFileType = wrapper.framework; name = SystemConfiguration.framework; path = System/Library/Frameworks/SystemConfiguration.framework; sourceTree = SDKROOT; };
		CDC3915A193E9EA90006FFCB /* OpenGLES.framework */ = {isa = PBXFileReference; lastKnownFileType = wrapper.framework; name = OpenGLES.framework; path = System/Library/Frameworks/OpenGLES.framework; sourceTree = SDKROOT; };
		CDC3915C193E9EB00006FFCB /* CoreVideo.framework */ = {isa = PBXFileReference; lastKnownFileType = wrapper.framework; name = CoreVideo.framework; path = System/Library/Frameworks/CoreVideo.framework; sourceTree = SDKROOT; };
		CDC3915E193E9EEC0006FFCB /* CoreMedia.framework */ = {isa = PBXFileReference; lastKnownFileType = wrapper.framework; name = CoreMedia.framework; path = System/Library/Frameworks/CoreMedia.framework; sourceTree = SDKROOT; };
		CDC39160193E9EF20006FFCB /* CoreGraphics.framework */ = {isa = PBXFileReference; lastKnownFileType = wrapper.framework; name = CoreGraphics.framework; path = System/Library/Frameworks/CoreGraphics.framework; sourceTree = SDKROOT; };
		CDC39162193E9EF70006FFCB /* AudioToolbox.framework */ = {isa = PBXFileReference; lastKnownFileType = wrapper.framework; name = AudioToolbox.framework; path = System/Library/Frameworks/AudioToolbox.framework; sourceTree = SDKROOT; };
		CDC39164193E9EFB0006FFCB /* AVFoundation.framework */ = {isa = PBXFileReference; lastKnownFileType = wrapper.framework; name = AVFoundation.framework; path = System/Library/Frameworks/AVFoundation.framework; sourceTree = SDKROOT; };
		CDC39166193E9F010006FFCB /* QuartzCore.framework */ = {isa = PBXFileReference; lastKnownFileType = wrapper.framework; name = QuartzCore.framework; path = System/Library/Frameworks/QuartzCore.framework; sourceTree = SDKROOT; };
		CDC39168193E9F070006FFCB /* UIKit.framework */ = {isa = PBXFileReference; lastKnownFileType = wrapper.framework; name = UIKit.framework; path = System/Library/Frameworks/UIKit.framework; sourceTree = SDKROOT; };
		CDC3916A193E9F0B0006FFCB /* Foundation.framework */ = {isa = PBXFileReference; lastKnownFileType = wrapper.framework; name = Foundation.framework; path = System/Library/Frameworks/Foundation.framework; sourceTree = SDKROOT; };
		CDC3916C193E9F210006FFCB /* libstdc++.6.0.9.dylib */ = {isa = PBXFileReference; lastKnownFileType = "compiled.mach-o.dylib"; name = "libstdc++.6.0.9.dylib"; path = "usr/lib/libstdc++.6.0.9.dylib"; sourceTree = SDKROOT; };
		CDC3916E193E9F260006FFCB /* libpthread.dylib */ = {isa = PBXFileReference; lastKnownFileType = "compiled.mach-o.dylib"; name = libpthread.dylib; path = usr/lib/libpthread.dylib; sourceTree = SDKROOT; };
		CDC39170193E9F2B0006FFCB /* libxml2.dylib */ = {isa = PBXFileReference; lastKnownFileType = "compiled.mach-o.dylib"; name = libxml2.dylib; path = usr/lib/libxml2.dylib; sourceTree = SDKROOT; };
		CDC904CA193E3BAF00E878A8 /* GalileoOpenTok.app */ = {isa = PBXFileReference; explicitFileType = wrapper.application; includeInIndex = 0; path = GalileoOpenTok.app; sourceTree = BUILT_PRODUCTS_DIR; };
		CDC904CE193E3BAF00E878A8 /* Info.plist */ = {isa = PBXFileReference; lastKnownFileType = text.plist.xml; path = Info.plist; sourceTree = "<group>"; };
		CDC904CF193E3BAF00E878A8 /* AppDelegate.swift */ = {isa = PBXFileReference; lastKnownFileType = sourcecode.swift; path = AppDelegate.swift; sourceTree = "<group>"; };
		CDC904D1193E3BAF00E878A8 /* ViewController.swift */ = {isa = PBXFileReference; lastKnownFileType = sourcecode.swift; path = ViewController.swift; sourceTree = "<group>"; };
		CDC904D4193E3BAF00E878A8 /* Base */ = {isa = PBXFileReference; lastKnownFileType = file.storyboard; name = Base; path = Base.lproj/Main.storyboard; sourceTree = "<group>"; };
		CDC904D6193E3BAF00E878A8 /* Images.xcassets */ = {isa = PBXFileReference; lastKnownFileType = folder.assetcatalog; path = Images.xcassets; sourceTree = "<group>"; };
		CDC904DC193E3BAF00E878A8 /* GalileoOpenTokTests.xctest */ = {isa = PBXFileReference; explicitFileType = wrapper.cfbundle; includeInIndex = 0; path = GalileoOpenTokTests.xctest; sourceTree = BUILT_PRODUCTS_DIR; };
		CDC904E1193E3BAF00E878A8 /* Info.plist */ = {isa = PBXFileReference; lastKnownFileType = text.plist.xml; path = Info.plist; sourceTree = "<group>"; };
		CDC904E2193E3BAF00E878A8 /* GalileoOpenTokTests.swift */ = {isa = PBXFileReference; lastKnownFileType = sourcecode.swift; path = GalileoOpenTokTests.swift; sourceTree = "<group>"; };
		CDC904EC193E3BD300E878A8 /* OpenTok.framework */ = {isa = PBXFileReference; lastKnownFileType = wrapper.framework; name = OpenTok.framework; path = GalileoOpenTok/OpenTok.framework; sourceTree = "<group>"; };
		CDC904EE193E3C0000E878A8 /* GalileoOpenTok-Bridging-Header.h */ = {isa = PBXFileReference; lastKnownFileType = sourcecode.c.h; path = "GalileoOpenTok-Bridging-Header.h"; sourceTree = SOURCE_ROOT; };
		CDF416551A89A85D002B5CEF /* libc++.dylib */ = {isa = PBXFileReference; lastKnownFileType = "compiled.mach-o.dylib"; name = "libc++.dylib"; path = "usr/lib/libc++.dylib"; sourceTree = SDKROOT; };
/* End PBXFileReference section */

/* Begin PBXFrameworksBuildPhase section */
		CDC904C7193E3BAF00E878A8 /* Frameworks */ = {
			isa = PBXFrameworksBuildPhase;
			buildActionMask = 2147483647;
			files = (
				CD99C5E71B0C3A46003D4FED /* VideoToolbox.framework in Frameworks */,
				CD99C5E51B0C3A3F003D4FED /* GLKit.framework in Frameworks */,
				CDF416561A89A85D002B5CEF /* libc++.dylib in Frameworks */,
				39B0A1F81C456BD70001E990 /* ReactiveCocoa.framework in Frameworks */,
				CDC39171193E9F2B0006FFCB /* libxml2.dylib in Frameworks */,
				CDC3916F193E9F260006FFCB /* libpthread.dylib in Frameworks */,
				CDC3916B193E9F0B0006FFCB /* Foundation.framework in Frameworks */,
				CDC39169193E9F070006FFCB /* UIKit.framework in Frameworks */,
				CDC39167193E9F010006FFCB /* QuartzCore.framework in Frameworks */,
				CDC39165193E9EFB0006FFCB /* AVFoundation.framework in Frameworks */,
				391590A01C45B7E800CEAFB5 /* GalileoControl.framework in Frameworks */,
				CDC39163193E9EF70006FFCB /* AudioToolbox.framework in Frameworks */,
				CDC39161193E9EF20006FFCB /* CoreGraphics.framework in Frameworks */,
				CDC3915F193E9EEC0006FFCB /* CoreMedia.framework in Frameworks */,
				CDC3915D193E9EB00006FFCB /* CoreVideo.framework in Frameworks */,
				CDC3915B193E9EA90006FFCB /* OpenGLES.framework in Frameworks */,
				CDC39159193E9EA20006FFCB /* SystemConfiguration.framework in Frameworks */,
				39B0A1F71C456B9A0001E990 /* Result.framework in Frameworks */,
				CDC39157193E9E970006FFCB /* CoreTelephony.framework in Frameworks */,
				CDC39155193E9E790006FFCB /* libsqlite3.dylib in Frameworks */,
				CDC904ED193E3BD300E878A8 /* OpenTok.framework in Frameworks */,
				FB8345A49A2BBE549E378746 /* Pods_GalileoOpenTok.framework in Frameworks */,
			);
			runOnlyForDeploymentPostprocessing = 0;
		};
		CDC904D9193E3BAF00E878A8 /* Frameworks */ = {
			isa = PBXFrameworksBuildPhase;
			buildActionMask = 2147483647;
			files = (
			);
			runOnlyForDeploymentPostprocessing = 0;
		};
/* End PBXFrameworksBuildPhase section */

/* Begin PBXGroup section */
		0A27ED2031A03211CE1F4E45 /* Pods */ = {
			isa = PBXGroup;
			children = (
				2207FCF67FFBA5751C2CE546 /* Pods-GalileoOpenTok.debug.xcconfig */,
				1C79593A8377560D907374C8 /* Pods-GalileoOpenTok.release.xcconfig */,
			);
			name = Pods;
			sourceTree = "<group>";
		};
		249360835D1287AF8F14779B /* Frameworks */ = {
			isa = PBXGroup;
			children = (
				1B0585F25B616222416DABDC /* Pods_GalileoOpenTok.framework */,
			);
			name = Frameworks;
			sourceTree = "<group>";
		};
		391590A51C46580E00CEAFB5 /* Utils */ = {
			isa = PBXGroup;
			children = (
				391590A61C46582400CEAFB5 /* RACSignal+SignalProducer.swift */,
				39E0DBBF1C46BCB4008711F1 /* NumberFormatting.swift */,
				391590AA1C466C2B00CEAFB5 /* Degrees+Radians.swift */,
			);
			name = Utils;
			sourceTree = "<group>";
		};
		39B0A1E81C4555DD0001E990 /* Views */ = {
			isa = PBXGroup;
			children = (
				39B0A1F21C4567B70001E990 /* GOUIProtocols.swift */,
				39B0A1EE1C455B540001E990 /* GOCallViewController.swift */,
				39B0A1FD1C4575470001E990 /* GOMoveRecogniser.swift */,
				CDC904D3193E3BAF00E878A8 /* Main.storyboard */,
				39B0A1E61C45549D0001E990 /* Launch.storyboard */,
				CDC904D1193E3BAF00E878A8 /* ViewController.swift */,
			);
			name = Views;
			sourceTree = "<group>";
		};
		39B0A1E91C4555EF0001E990 /* Controllers */ = {
			isa = PBXGroup;
			children = (
				39B0A1F01C4564AF0001E990 /* GOMainController.swift */,
				39B0A1EB1C455A0C0001E990 /* GOOpenTokController.swift */,
				39B0A2031C458E070001E990 /* GOMessagingController.swift */,
				3915909D1C45B7B500CEAFB5 /* GOGalileoController.swift */,
				391590A81C4659EC00CEAFB5 /* GODeviceMotionController.swift */,
				39B0A2011C458BED0001E990 /* GOTouchGestureController.swift */,
				391590AC1C4688E400CEAFB5 /* GOAirGestureController.swift */,
			);
			name = Controllers;
			sourceTree = "<group>";
		};
		39B0A1EA1C4556010001E990 /* Assets */ = {
			isa = PBXGroup;
			children = (
				CDC904D6193E3BAF00E878A8 /* Images.xcassets */,
			);
			name = Assets;
			sourceTree = "<group>";
		};
		39B0A1ED1C455A2B0001E990 /* Model */ = {
			isa = PBXGroup;
			children = (
				39B0A1FF1C4582200001E990 /* GOModel.swift */,
			);
			name = Model;
			sourceTree = "<group>";
		};
		CDC39172193ED8D20006FFCB /* Platform Frameworks */ = {
			isa = PBXGroup;
			children = (
				3915909F1C45B7E800CEAFB5 /* GalileoControl.framework */,
				39B0A1F61C456B9A0001E990 /* Result.framework */,
				39B0A1F41C456B950001E990 /* ReactiveCocoa.framework */,
				CD99C5E61B0C3A46003D4FED /* VideoToolbox.framework */,
				CD99C5E41B0C3A3F003D4FED /* GLKit.framework */,
				CDC39170193E9F2B0006FFCB /* libxml2.dylib */,
				CDC3916E193E9F260006FFCB /* libpthread.dylib */,
				CDF416551A89A85D002B5CEF /* libc++.dylib */,
				CDC3916C193E9F210006FFCB /* libstdc++.6.0.9.dylib */,
				CDC3916A193E9F0B0006FFCB /* Foundation.framework */,
				CDC39168193E9F070006FFCB /* UIKit.framework */,
				CDC39166193E9F010006FFCB /* QuartzCore.framework */,
				CDC39164193E9EFB0006FFCB /* AVFoundation.framework */,
				CDC39162193E9EF70006FFCB /* AudioToolbox.framework */,
				CDC39160193E9EF20006FFCB /* CoreGraphics.framework */,
				CDC3915E193E9EEC0006FFCB /* CoreMedia.framework */,
				CDC3915C193E9EB00006FFCB /* CoreVideo.framework */,
				CDC3915A193E9EA90006FFCB /* OpenGLES.framework */,
				CDC39158193E9EA20006FFCB /* SystemConfiguration.framework */,
				CDC39156193E9E970006FFCB /* CoreTelephony.framework */,
				CDC39154193E9E790006FFCB /* libsqlite3.dylib */,
				CDC904EC193E3BD300E878A8 /* OpenTok.framework */,
			);
			name = "Platform Frameworks";
			sourceTree = "<group>";
		};
		CDC904C1193E3BAF00E878A8 = {
			isa = PBXGroup;
			children = (
				CDC904CC193E3BAF00E878A8 /* GalileoOpenTok */,
				CDC904DF193E3BAF00E878A8 /* GalileoOpenTokTests */,
				CDC39172193ED8D20006FFCB /* Platform Frameworks */,
				CDC904CB193E3BAF00E878A8 /* Products */,
				0A27ED2031A03211CE1F4E45 /* Pods */,
				249360835D1287AF8F14779B /* Frameworks */,
			);
			sourceTree = "<group>";
		};
		CDC904CB193E3BAF00E878A8 /* Products */ = {
			isa = PBXGroup;
			children = (
				CDC904CA193E3BAF00E878A8 /* GalileoOpenTok.app */,
				CDC904DC193E3BAF00E878A8 /* GalileoOpenTokTests.xctest */,
			);
			name = Products;
			sourceTree = "<group>";
		};
		CDC904CC193E3BAF00E878A8 /* GalileoOpenTok */ = {
			isa = PBXGroup;
			children = (
				391590A51C46580E00CEAFB5 /* Utils */,
				39B0A1ED1C455A2B0001E990 /* Model */,
				39B0A1E91C4555EF0001E990 /* Controllers */,
				39B0A1E81C4555DD0001E990 /* Views */,
				39B0A1EA1C4556010001E990 /* Assets */,
				CDC904CD193E3BAF00E878A8 /* Supporting Files */,
			);
			path = GalileoOpenTok;
			sourceTree = "<group>";
		};
		CDC904CD193E3BAF00E878A8 /* Supporting Files */ = {
			isa = PBXGroup;
			children = (
				CDC904CF193E3BAF00E878A8 /* AppDelegate.swift */,
				CDC904EE193E3C0000E878A8 /* GalileoOpenTok-Bridging-Header.h */,
				CDC904CE193E3BAF00E878A8 /* Info.plist */,
			);
			name = "Supporting Files";
			sourceTree = "<group>";
		};
		CDC904DF193E3BAF00E878A8 /* GalileoOpenTokTests */ = {
			isa = PBXGroup;
			children = (
				CDC904E2193E3BAF00E878A8 /* GalileoOpenTokTests.swift */,
				CDC904E0193E3BAF00E878A8 /* Supporting Files */,
			);
			path = GalileoOpenTokTests;
			sourceTree = "<group>";
		};
		CDC904E0193E3BAF00E878A8 /* Supporting Files */ = {
			isa = PBXGroup;
			children = (
				CDC904E1193E3BAF00E878A8 /* Info.plist */,
			);
			name = "Supporting Files";
			sourceTree = "<group>";
		};
/* End PBXGroup section */

/* Begin PBXNativeTarget section */
		CDC904C9193E3BAF00E878A8 /* GalileoOpenTok */ = {
			isa = PBXNativeTarget;
			buildConfigurationList = CDC904E6193E3BAF00E878A8 /* Build configuration list for PBXNativeTarget "GalileoOpenTok" */;
			buildPhases = (
				42CFADA748C3E1F8EC381820 /* Check Pods Manifest.lock */,
				CDC904C6193E3BAF00E878A8 /* Sources */,
				CDC904C7193E3BAF00E878A8 /* Frameworks */,
				CDC904C8193E3BAF00E878A8 /* Resources */,
				704E2CAB3E8C96124E4898E7 /* Copy Pods Resources */,
				6A43121D8DF7F4123AE1D3C3 /* Embed Pods Frameworks */,
				39B0A1FA1C456BD80001E990 /* Embed Frameworks */,
			);
			buildRules = (
			);
			dependencies = (
			);
			name = GalileoOpenTok;
			productName = GalileoOpenTok;
			productReference = CDC904CA193E3BAF00E878A8 /* GalileoOpenTok.app */;
			productType = "com.apple.product-type.application";
		};
		CDC904DB193E3BAF00E878A8 /* GalileoOpenTokTests */ = {
			isa = PBXNativeTarget;
			buildConfigurationList = CDC904E9193E3BAF00E878A8 /* Build configuration list for PBXNativeTarget "GalileoOpenTokTests" */;
			buildPhases = (
				CDC904D8193E3BAF00E878A8 /* Sources */,
				CDC904D9193E3BAF00E878A8 /* Frameworks */,
				CDC904DA193E3BAF00E878A8 /* Resources */,
			);
			buildRules = (
			);
			dependencies = (
				CDC904DE193E3BAF00E878A8 /* PBXTargetDependency */,
			);
			name = GalileoOpenTokTests;
			productName = GalileoOpenTokTests;
			productReference = CDC904DC193E3BAF00E878A8 /* GalileoOpenTokTests.xctest */;
			productType = "com.apple.product-type.bundle.unit-test";
		};
/* End PBXNativeTarget section */

/* Begin PBXProject section */
		CDC904C2193E3BAF00E878A8 /* Project object */ = {
			isa = PBXProject;
			attributes = {
				LastSwiftUpdateCheck = 0710;
				LastUpgradeCheck = 0720;
				ORGANIZATIONNAME = "Patrick Quinn-Graham";
				TargetAttributes = {
					CDC904C9193E3BAF00E878A8 = {
						CreatedOnToolsVersion = 6.0;
					};
					CDC904DB193E3BAF00E878A8 = {
						CreatedOnToolsVersion = 6.0;
						TestTargetID = CDC904C9193E3BAF00E878A8;
					};
				};
			};
			buildConfigurationList = CDC904C5193E3BAF00E878A8 /* Build configuration list for PBXProject "GalileoOpenTok" */;
			compatibilityVersion = "Xcode 3.2";
			developmentRegion = English;
			hasScannedForEncodings = 0;
			knownRegions = (
				en,
				Base,
			);
			mainGroup = CDC904C1193E3BAF00E878A8;
			productRefGroup = CDC904CB193E3BAF00E878A8 /* Products */;
			projectDirPath = "";
			projectRoot = "";
			targets = (
				CDC904C9193E3BAF00E878A8 /* GalileoOpenTok */,
				CDC904DB193E3BAF00E878A8 /* GalileoOpenTokTests */,
			);
		};
/* End PBXProject section */

/* Begin PBXResourcesBuildPhase section */
		CDC904C8193E3BAF00E878A8 /* Resources */ = {
			isa = PBXResourcesBuildPhase;
			buildActionMask = 2147483647;
			files = (
				CDC904D5193E3BAF00E878A8 /* Main.storyboard in Resources */,
				CDC904D7193E3BAF00E878A8 /* Images.xcassets in Resources */,
				39B0A1E71C45549D0001E990 /* Launch.storyboard in Resources */,
			);
			runOnlyForDeploymentPostprocessing = 0;
		};
		CDC904DA193E3BAF00E878A8 /* Resources */ = {
			isa = PBXResourcesBuildPhase;
			buildActionMask = 2147483647;
			files = (
			);
			runOnlyForDeploymentPostprocessing = 0;
		};
/* End PBXResourcesBuildPhase section */

/* Begin PBXShellScriptBuildPhase section */
		42CFADA748C3E1F8EC381820 /* Check Pods Manifest.lock */ = {
			isa = PBXShellScriptBuildPhase;
			buildActionMask = 2147483647;
			files = (
			);
			inputPaths = (
			);
			name = "Check Pods Manifest.lock";
			outputPaths = (
			);
			runOnlyForDeploymentPostprocessing = 0;
			shellPath = /bin/sh;
			shellScript = "diff \"${PODS_ROOT}/../Podfile.lock\" \"${PODS_ROOT}/Manifest.lock\" > /dev/null\nif [[ $? != 0 ]] ; then\n    cat << EOM\nerror: The sandbox is not in sync with the Podfile.lock. Run 'pod install' or update your CocoaPods installation.\nEOM\n    exit 1\nfi\n";
			showEnvVarsInLog = 0;
		};
		6A43121D8DF7F4123AE1D3C3 /* Embed Pods Frameworks */ = {
			isa = PBXShellScriptBuildPhase;
			buildActionMask = 2147483647;
			files = (
			);
			inputPaths = (
			);
			name = "Embed Pods Frameworks";
			outputPaths = (
			);
			runOnlyForDeploymentPostprocessing = 0;
			shellPath = /bin/sh;
			shellScript = "\"${SRCROOT}/Pods/Target Support Files/Pods-GalileoOpenTok/Pods-GalileoOpenTok-frameworks.sh\"\n";
			showEnvVarsInLog = 0;
		};
		704E2CAB3E8C96124E4898E7 /* Copy Pods Resources */ = {
			isa = PBXShellScriptBuildPhase;
			buildActionMask = 2147483647;
			files = (
			);
			inputPaths = (
			);
			name = "Copy Pods Resources";
			outputPaths = (
			);
			runOnlyForDeploymentPostprocessing = 0;
			shellPath = /bin/sh;
			shellScript = "\"${SRCROOT}/Pods/Target Support Files/Pods-GalileoOpenTok/Pods-GalileoOpenTok-resources.sh\"\n";
			showEnvVarsInLog = 0;
		};
/* End PBXShellScriptBuildPhase section */

/* Begin PBXSourcesBuildPhase section */
		CDC904C6193E3BAF00E878A8 /* Sources */ = {
			isa = PBXSourcesBuildPhase;
			buildActionMask = 2147483647;
			files = (
				CDC904D2193E3BAF00E878A8 /* ViewController.swift in Sources */,
				39B0A1EC1C455A0C0001E990 /* GOOpenTokController.swift in Sources */,
				39B0A1EF1C455B540001E990 /* GOCallViewController.swift in Sources */,
				39B0A2041C458E070001E990 /* GOMessagingController.swift in Sources */,
				3915909E1C45B7B500CEAFB5 /* GOGalileoController.swift in Sources */,
				39E0DBC01C46BCB4008711F1 /* NumberFormatting.swift in Sources */,
				39B0A1F31C4567B70001E990 /* GOUIProtocols.swift in Sources */,
				CDC904D0193E3BAF00E878A8 /* AppDelegate.swift in Sources */,
				39B0A1F11C4564AF0001E990 /* GOMainController.swift in Sources */,
				391590AD1C4688E400CEAFB5 /* GOAirGestureController.swift in Sources */,
				39B0A1FE1C4575470001E990 /* GOMoveRecogniser.swift in Sources */,
				39B0A2001C4582200001E990 /* GOModel.swift in Sources */,
				391590A91C4659EC00CEAFB5 /* GODeviceMotionController.swift in Sources */,
				391590A71C46582400CEAFB5 /* RACSignal+SignalProducer.swift in Sources */,
				39B0A2021C458BED0001E990 /* GOTouchGestureController.swift in Sources */,
				391590AB1C466C2B00CEAFB5 /* Degrees+Radians.swift in Sources */,
			);
			runOnlyForDeploymentPostprocessing = 0;
		};
		CDC904D8193E3BAF00E878A8 /* Sources */ = {
			isa = PBXSourcesBuildPhase;
			buildActionMask = 2147483647;
			files = (
				CDC904E3193E3BAF00E878A8 /* GalileoOpenTokTests.swift in Sources */,
			);
			runOnlyForDeploymentPostprocessing = 0;
		};
/* End PBXSourcesBuildPhase section */

/* Begin PBXTargetDependency section */
		CDC904DE193E3BAF00E878A8 /* PBXTargetDependency */ = {
			isa = PBXTargetDependency;
			target = CDC904C9193E3BAF00E878A8 /* GalileoOpenTok */;
			targetProxy = CDC904DD193E3BAF00E878A8 /* PBXContainerItemProxy */;
		};
/* End PBXTargetDependency section */

/* Begin PBXVariantGroup section */
		CDC904D3193E3BAF00E878A8 /* Main.storyboard */ = {
			isa = PBXVariantGroup;
			children = (
				CDC904D4193E3BAF00E878A8 /* Base */,
			);
			name = Main.storyboard;
			sourceTree = "<group>";
		};
/* End PBXVariantGroup section */

/* Begin XCBuildConfiguration section */
		CDC904E4193E3BAF00E878A8 /* Debug */ = {
			isa = XCBuildConfiguration;
			buildSettings = {
				ALWAYS_SEARCH_USER_PATHS = NO;
				CLANG_CXX_LANGUAGE_STANDARD = "gnu++0x";
				CLANG_CXX_LIBRARY = "libc++";
				CLANG_ENABLE_MODULES = YES;
				CLANG_ENABLE_OBJC_ARC = YES;
				CLANG_WARN_BOOL_CONVERSION = YES;
				CLANG_WARN_CONSTANT_CONVERSION = YES;
				CLANG_WARN_DIRECT_OBJC_ISA_USAGE = YES_ERROR;
				CLANG_WARN_EMPTY_BODY = YES;
				CLANG_WARN_ENUM_CONVERSION = YES;
				CLANG_WARN_INT_CONVERSION = YES;
				CLANG_WARN_OBJC_ROOT_CLASS = YES_ERROR;
				CLANG_WARN_UNREACHABLE_CODE = YES;
				CLANG_WARN__DUPLICATE_METHOD_MATCH = YES;
				"CODE_SIGN_IDENTITY[sdk=iphoneos*]" = "iPhone Developer";
				COPY_PHASE_STRIP = NO;
				ENABLE_STRICT_OBJC_MSGSEND = YES;
				ENABLE_TESTABILITY = YES;
				GCC_C_LANGUAGE_STANDARD = gnu99;
				GCC_DYNAMIC_NO_PIC = NO;
				GCC_OPTIMIZATION_LEVEL = 0;
				GCC_PREPROCESSOR_DEFINITIONS = (
					"DEBUG=1",
					"$(inherited)",
				);
				GCC_SYMBOLS_PRIVATE_EXTERN = NO;
				GCC_WARN_64_TO_32_BIT_CONVERSION = YES;
				GCC_WARN_ABOUT_RETURN_TYPE = YES_ERROR;
				GCC_WARN_UNDECLARED_SELECTOR = YES;
				GCC_WARN_UNINITIALIZED_AUTOS = YES_AGGRESSIVE;
				GCC_WARN_UNUSED_FUNCTION = YES;
				GCC_WARN_UNUSED_VARIABLE = YES;
				IPHONEOS_DEPLOYMENT_TARGET = 9.0;
				METAL_ENABLE_DEBUG_INFO = YES;
				ONLY_ACTIVE_ARCH = YES;
				SDKROOT = iphoneos;
				SWIFT_OPTIMIZATION_LEVEL = "-Onone";
				TARGETED_DEVICE_FAMILY = "1,2";
			};
			name = Debug;
		};
		CDC904E5193E3BAF00E878A8 /* Release */ = {
			isa = XCBuildConfiguration;
			buildSettings = {
				ALWAYS_SEARCH_USER_PATHS = NO;
				CLANG_CXX_LANGUAGE_STANDARD = "gnu++0x";
				CLANG_CXX_LIBRARY = "libc++";
				CLANG_ENABLE_MODULES = YES;
				CLANG_ENABLE_OBJC_ARC = YES;
				CLANG_WARN_BOOL_CONVERSION = YES;
				CLANG_WARN_CONSTANT_CONVERSION = YES;
				CLANG_WARN_DIRECT_OBJC_ISA_USAGE = YES_ERROR;
				CLANG_WARN_EMPTY_BODY = YES;
				CLANG_WARN_ENUM_CONVERSION = YES;
				CLANG_WARN_INT_CONVERSION = YES;
				CLANG_WARN_OBJC_ROOT_CLASS = YES_ERROR;
				CLANG_WARN_UNREACHABLE_CODE = YES;
				CLANG_WARN__DUPLICATE_METHOD_MATCH = YES;
				"CODE_SIGN_IDENTITY[sdk=iphoneos*]" = "iPhone Developer";
				COPY_PHASE_STRIP = YES;
				ENABLE_NS_ASSERTIONS = NO;
				ENABLE_STRICT_OBJC_MSGSEND = YES;
				GCC_C_LANGUAGE_STANDARD = gnu99;
				GCC_WARN_64_TO_32_BIT_CONVERSION = YES;
				GCC_WARN_ABOUT_RETURN_TYPE = YES_ERROR;
				GCC_WARN_UNDECLARED_SELECTOR = YES;
				GCC_WARN_UNINITIALIZED_AUTOS = YES_AGGRESSIVE;
				GCC_WARN_UNUSED_FUNCTION = YES;
				GCC_WARN_UNUSED_VARIABLE = YES;
				IPHONEOS_DEPLOYMENT_TARGET = 9.0;
				METAL_ENABLE_DEBUG_INFO = NO;
				SDKROOT = iphoneos;
				TARGETED_DEVICE_FAMILY = "1,2";
				VALIDATE_PRODUCT = YES;
			};
			name = Release;
		};
		CDC904E7193E3BAF00E878A8 /* Debug */ = {
			isa = XCBuildConfiguration;
			baseConfigurationReference = 2207FCF67FFBA5751C2CE546 /* Pods-GalileoOpenTok.debug.xcconfig */;
			buildSettings = {
				ASSETCATALOG_COMPILER_APPICON_NAME = AppIcon;
				ASSETCATALOG_COMPILER_LAUNCHIMAGE_NAME = LaunchImage;
				CLANG_ENABLE_MODULES = YES;
				ENABLE_BITCODE = NO;
				FRAMEWORK_SEARCH_PATHS = (
					"$(inherited)",
					"$(PROJECT_DIR)/GalileoOpenTok",
					"$(PROJECT_DIR)/Carthage/Build/iOS",
					"$(PROJECT_DIR)/Frameworks",
				);
				INFOPLIST_FILE = GalileoOpenTok/Info.plist;
				IPHONEOS_DEPLOYMENT_TARGET = 9.0;
				LD_RUNPATH_SEARCH_PATHS = "$(inherited) @executable_path/Frameworks";
				PRODUCT_BUNDLE_IDENTIFIER = com.3xl.GalileoOpenTok;
				PRODUCT_NAME = "$(TARGET_NAME)";
				SWIFT_OBJC_BRIDGING_HEADER = "GalileoOpenTok-Bridging-Header.h";
				SWIFT_OPTIMIZATION_LEVEL = "-Onone";
				TARGETED_DEVICE_FAMILY = "1,2";
				VALID_ARCHS = "arm64 armv7";
			};
			name = Debug;
		};
		CDC904E8193E3BAF00E878A8 /* Release */ = {
			isa = XCBuildConfiguration;
			baseConfigurationReference = 1C79593A8377560D907374C8 /* Pods-GalileoOpenTok.release.xcconfig */;
			buildSettings = {
				ASSETCATALOG_COMPILER_APPICON_NAME = AppIcon;
				ASSETCATALOG_COMPILER_LAUNCHIMAGE_NAME = LaunchImage;
				CLANG_ENABLE_MODULES = YES;
				ENABLE_BITCODE = NO;
				FRAMEWORK_SEARCH_PATHS = (
					"$(inherited)",
					"$(PROJECT_DIR)/GalileoOpenTok",
					"$(PROJECT_DIR)/Carthage/Build/iOS",
					"$(PROJECT_DIR)/Frameworks",
				);
				INFOPLIST_FILE = GalileoOpenTok/Info.plist;
				IPHONEOS_DEPLOYMENT_TARGET = 9.0;
				LD_RUNPATH_SEARCH_PATHS = "$(inherited) @executable_path/Frameworks";
				PRODUCT_BUNDLE_IDENTIFIER = com.3xl.GalileoOpenTok;
				PRODUCT_NAME = "$(TARGET_NAME)";
				SWIFT_OBJC_BRIDGING_HEADER = "GalileoOpenTok-Bridging-Header.h";
				TARGETED_DEVICE_FAMILY = "1,2";
				VALID_ARCHS = "arm64 armv7";
			};
			name = Release;
		};
		CDC904EA193E3BAF00E878A8 /* Debug */ = {
			isa = XCBuildConfiguration;
			buildSettings = {
				BUNDLE_LOADER = "$(BUILT_PRODUCTS_DIR)/GalileoOpenTok.app/GalileoOpenTok";
				FRAMEWORK_SEARCH_PATHS = (
					"$(SDKROOT)/Developer/Library/Frameworks",
					"$(inherited)",
				);
				GCC_PREPROCESSOR_DEFINITIONS = (
					"DEBUG=1",
					"$(inherited)",
				);
				INFOPLIST_FILE = GalileoOpenTokTests/Info.plist;
				LD_RUNPATH_SEARCH_PATHS = "$(inherited) @executable_path/Frameworks @loader_path/Frameworks";
				METAL_ENABLE_DEBUG_INFO = YES;
				PRODUCT_BUNDLE_IDENTIFIER = "com.pftqg.tokbox.${PRODUCT_NAME:rfc1034identifier}";
				PRODUCT_NAME = "$(TARGET_NAME)";
				TEST_HOST = "$(BUNDLE_LOADER)";
			};
			name = Debug;
		};
		CDC904EB193E3BAF00E878A8 /* Release */ = {
			isa = XCBuildConfiguration;
			buildSettings = {
				BUNDLE_LOADER = "$(BUILT_PRODUCTS_DIR)/GalileoOpenTok.app/GalileoOpenTok";
				FRAMEWORK_SEARCH_PATHS = (
					"$(SDKROOT)/Developer/Library/Frameworks",
					"$(inherited)",
				);
				INFOPLIST_FILE = GalileoOpenTokTests/Info.plist;
				LD_RUNPATH_SEARCH_PATHS = "$(inherited) @executable_path/Frameworks @loader_path/Frameworks";
				METAL_ENABLE_DEBUG_INFO = NO;
				PRODUCT_BUNDLE_IDENTIFIER = "com.pftqg.tokbox.${PRODUCT_NAME:rfc1034identifier}";
				PRODUCT_NAME = "$(TARGET_NAME)";
				TEST_HOST = "$(BUNDLE_LOADER)";
			};
			name = Release;
		};
/* End XCBuildConfiguration section */

/* Begin XCConfigurationList section */
		CDC904C5193E3BAF00E878A8 /* Build configuration list for PBXProject "GalileoOpenTok" */ = {
			isa = XCConfigurationList;
			buildConfigurations = (
				CDC904E4193E3BAF00E878A8 /* Debug */,
				CDC904E5193E3BAF00E878A8 /* Release */,
			);
			defaultConfigurationIsVisible = 0;
			defaultConfigurationName = Release;
		};
		CDC904E6193E3BAF00E878A8 /* Build configuration list for PBXNativeTarget "GalileoOpenTok" */ = {
			isa = XCConfigurationList;
			buildConfigurations = (
				CDC904E7193E3BAF00E878A8 /* Debug */,
				CDC904E8193E3BAF00E878A8 /* Release */,
			);
			defaultConfigurationIsVisible = 0;
			defaultConfigurationName = Release;
		};
		CDC904E9193E3BAF00E878A8 /* Build configuration list for PBXNativeTarget "GalileoOpenTokTests" */ = {
			isa = XCConfigurationList;
			buildConfigurations = (
				CDC904EA193E3BAF00E878A8 /* Debug */,
				CDC904EB193E3BAF00E878A8 /* Release */,
			);
			defaultConfigurationIsVisible = 0;
			defaultConfigurationName = Release;
		};
/* End XCConfigurationList section */
	};
	rootObject = CDC904C2193E3BAF00E878A8 /* Project object */;
}
